
Microsoft Visual Studio Solution File, Format Version 12.00
# Visual Studio Version 17
VisualStudioVersion = 17.13.35806.99 d17.13
MinimumVisualStudioVersion = 10.0.40219.1
Project("{FAE04EC0-301F-11D3-BF4B-00C04F79EFBC}") = "EasyWish.Domain", "EasyWish.Domain\EasyWish.Domain.csproj", "{A5BD3223-9D4E-41F4-88C3-849FC9E85E0B}"
EndProject
Global
	GlobalSection(SolutionConfigurationPlatforms) = preSolution
		Debug|Any CPU = Debug|Any CPU
		Release|Any CPU = Release|Any CPU
	EndGlobalSection
	GlobalSection(ProjectConfigurationPlatforms) = postSolution
		{A5BD3223-9D4E-41F4-88C3-849FC9E85E0B}.Debug|Any CPU.ActiveCfg = Debug|Any CPU
		{A5BD3223-9D4E-41F4-88C3-849FC9E85E0B}.Debug|Any CPU.Build.0 = Debug|Any CPU
		{A5BD3223-9D4E-41F4-88C3-849FC9E85E0B}.Release|Any CPU.ActiveCfg = Release|Any CPU
		{A5BD3223-9D4E-41F4-88C3-849FC9E85E0B}.Release|Any CPU.Build.0 = Release|Any CPU
	EndGlobalSection
	GlobalSection(SolutionProperties) = preSolution
		HideSolutionNode = FALSE
	EndGlobalSection
	GlobalSection(ExtensibilityGlobals) = postSolution
		SolutionGuid = {6CAB2A0D-DA59-4A67-9BF3-0BBC885D87E5}
	EndGlobalSection
EndGlobal
